
Microsoft Visual Studio Solution File, Format Version 12.00
# Visual Studio Version 17
VisualStudioVersion = 17.5.33530.505
MinimumVisualStudioVersion = 10.0.40219.1
Project("{FAE04EC0-301F-11D3-BF4B-00C04F79EFBC}") = "finskay_2", "finskay_2\finskay_2.csproj", "{34A008C8-6B6F-4124-A82F-42DA0532458D}"
EndProject
Global
	GlobalSection(SolutionConfigurationPlatforms) = preSolution
		Debug|Any CPU = Debug|Any CPU
		Release|Any CPU = Release|Any CPU
	EndGlobalSection
	GlobalSection(ProjectConfigurationPlatforms) = postSolution
		{34A008C8-6B6F-4124-A82F-42DA0532458D}.Debug|Any CPU.ActiveCfg = Debug|Any CPU
		{34A008C8-6B6F-4124-A82F-42DA0532458D}.Debug|Any CPU.Build.0 = Debug|Any CPU
		{34A008C8-6B6F-4124-A82F-42DA0532458D}.Release|Any CPU.ActiveCfg = Release|Any CPU
		{34A008C8-6B6F-4124-A82F-42DA0532458D}.Release|Any CPU.Build.0 = Release|Any CPU
	EndGlobalSection
	GlobalSection(SolutionProperties) = preSolution
		HideSolutionNode = FALSE
	EndGlobalSection
	GlobalSection(ExtensibilityGlobals) = postSolution
		SolutionGuid = {00EAE180-AAE0-4EC6-9A50-CD62C660518C}
	EndGlobalSection
EndGlobal
